
Microsoft Visual Studio Solution File, Format Version 12.00
# Visual Studio Version 16
VisualStudioVersion = 16.0.29911.84
MinimumVisualStudioVersion = 10.0.40219.1
Project("{FAE04EC0-301F-11D3-BF4B-00C04F79EFBC}") = "cw7", "cw7\cw7.csproj", "{882F3B98-2806-4126-A94F-14290ACD00DD}"
EndProject
Global
	GlobalSection(SolutionConfigurationPlatforms) = preSolution
		Debug|Any CPU = Debug|Any CPU
		Release|Any CPU = Release|Any CPU
	EndGlobalSection
	GlobalSection(ProjectConfigurationPlatforms) = postSolution
		{882F3B98-2806-4126-A94F-14290ACD00DD}.Debug|Any CPU.ActiveCfg = Debug|Any CPU
		{882F3B98-2806-4126-A94F-14290ACD00DD}.Debug|Any CPU.Build.0 = Debug|Any CPU
		{882F3B98-2806-4126-A94F-14290ACD00DD}.Release|Any CPU.ActiveCfg = Release|Any CPU
		{882F3B98-2806-4126-A94F-14290ACD00DD}.Release|Any CPU.Build.0 = Release|Any CPU
	EndGlobalSection
	GlobalSection(SolutionProperties) = preSolution
		HideSolutionNode = FALSE
	EndGlobalSection
	GlobalSection(ExtensibilityGlobals) = postSolution
		SolutionGuid = {B8E55DFF-4EF6-4A8F-AF94-5692B21EF256}
	EndGlobalSection
EndGlobal
